
Microsoft Visual Studio Solution File, Format Version 12.00
Project("{FAE04EC0-301F-11D3-BF4B-00C04F79EFBC}") = "AccountsManagerApp.WPF", "AccountsManagerApp.WPF\AccountsManagerApp.WPF.csproj", "{E5A221A1-C003-4660-A14F-B5D763636477}"
EndProject
Global
	GlobalSection(SolutionConfigurationPlatforms) = preSolution
		Debug|Any CPU = Debug|Any CPU
		Release|Any CPU = Release|Any CPU
	EndGlobalSection
	GlobalSection(ProjectConfigurationPlatforms) = postSolution
		{E5A221A1-C003-4660-A14F-B5D763636477}.Debug|Any CPU.ActiveCfg = Debug|Any CPU
		{E5A221A1-C003-4660-A14F-B5D763636477}.Debug|Any CPU.Build.0 = Debug|Any CPU
		{E5A221A1-C003-4660-A14F-B5D763636477}.Release|Any CPU.ActiveCfg = Release|Any CPU
		{E5A221A1-C003-4660-A14F-B5D763636477}.Release|Any CPU.Build.0 = Release|Any CPU
	EndGlobalSection
EndGlobal
